// !$*UTF8*$!
{
	archiveVersion = 1;
	classes = {
	};
	objectVersion = 50;
	objects = {

/* Begin PBXBuildFile section */
		A79CB4EF2365E9B700C925BB /* AppDelegate.swift in Sources */ = {isa = PBXBuildFile; fileRef = A79CB4EE2365E9B700C925BB /* AppDelegate.swift */; };
		A79CB4F12365E9B700C925BB /* SceneDelegate.swift in Sources */ = {isa = PBXBuildFile; fileRef = A79CB4F02365E9B700C925BB /* SceneDelegate.swift */; };
		A79CB4F32365E9B700C925BB /* ViewController.swift in Sources */ = {isa = PBXBuildFile; fileRef = A79CB4F22365E9B700C925BB /* ViewController.swift */; };
		A79CB4F82365E9BE00C925BB /* Assets.xcassets in Resources */ = {isa = PBXBuildFile; fileRef = A79CB4F72365E9BE00C925BB /* Assets.xcassets */; };
		A79CB4FB2365E9BE00C925BB /* LaunchScreen.storyboard in Resources */ = {isa = PBXBuildFile; fileRef = A79CB4F92365E9BE00C925BB /* LaunchScreen.storyboard */; };
		A79CB5062365E9BE00C925BB /* EXReorderTests.swift in Sources */ = {isa = PBXBuildFile; fileRef = A79CB5052365E9BE00C925BB /* EXReorderTests.swift */; };
		A79CB5192365EBE500C925BB /* EXReorderViewController.swift in Sources */ = {isa = PBXBuildFile; fileRef = A79CB5172365EBE500C925BB /* EXReorderViewController.swift */; };
		A79CB51A2365EBE500C925BB /* EXReorderViewController.xib in Resources */ = {isa = PBXBuildFile; fileRef = A79CB5182365EBE500C925BB /* EXReorderViewController.xib */; };
		A79CB51C2365EC1D00C925BB /* EXReorderPresenter.swift in Sources */ = {isa = PBXBuildFile; fileRef = A79CB51B2365EC1D00C925BB /* EXReorderPresenter.swift */; };
		A79CB51D2365EC1D00C925BB /* EXReorderPresenter.swift in Sources */ = {isa = PBXBuildFile; fileRef = A79CB51B2365EC1D00C925BB /* EXReorderPresenter.swift */; };
		A79CB51F2365EC2A00C925BB /* EXReorderService.swift in Sources */ = {isa = PBXBuildFile; fileRef = A79CB51E2365EC2A00C925BB /* EXReorderService.swift */; };
		A79CB5202365EC2A00C925BB /* EXReorderService.swift in Sources */ = {isa = PBXBuildFile; fileRef = A79CB51E2365EC2A00C925BB /* EXReorderService.swift */; };
		A79CB5222365EC3600C925BB /* EXReorder.swift in Sources */ = {isa = PBXBuildFile; fileRef = A79CB5212365EC3600C925BB /* EXReorder.swift */; };
		A79CB5232365EC3600C925BB /* EXReorder.swift in Sources */ = {isa = PBXBuildFile; fileRef = A79CB5212365EC3600C925BB /* EXReorder.swift */; };
		A79CB5252365EC5200C925BB /* String+Extension.swift in Sources */ = {isa = PBXBuildFile; fileRef = A79CB5242365EC5200C925BB /* String+Extension.swift */; };
		A79CB5262365EC5200C925BB /* String+Extension.swift in Sources */ = {isa = PBXBuildFile; fileRef = A79CB5242365EC5200C925BB /* String+Extension.swift */; };
		A79CB5282365EC5D00C925BB /* StringHelper.swift in Sources */ = {isa = PBXBuildFile; fileRef = A79CB5272365EC5D00C925BB /* StringHelper.swift */; };
		A79CB5292365EC5D00C925BB /* StringHelper.swift in Sources */ = {isa = PBXBuildFile; fileRef = A79CB5272365EC5D00C925BB /* StringHelper.swift */; };
		A79CB52C2365ECBB00C925BB /* Constants.swift in Sources */ = {isa = PBXBuildFile; fileRef = A79CB52B2365ECBB00C925BB /* Constants.swift */; };
		A79CB52D2365ECBB00C925BB /* Constants.swift in Sources */ = {isa = PBXBuildFile; fileRef = A79CB52B2365ECBB00C925BB /* Constants.swift */; };
/* End PBXBuildFile section */

/* Begin PBXContainerItemProxy section */
		A79CB5022365E9BE00C925BB /* PBXContainerItemProxy */ = {
			isa = PBXContainerItemProxy;
			containerPortal = A79CB4E32365E9B600C925BB /* Project object */;
			proxyType = 1;
			remoteGlobalIDString = A79CB4EA2365E9B700C925BB;
			remoteInfo = EXReorder;
		};
/* End PBXContainerItemProxy section */

/* Begin PBXFileReference section */
		A79CB4EB2365E9B700C925BB /* EXReorder.app */ = {isa = PBXFileReference; explicitFileType = wrapper.application; includeInIndex = 0; path = EXReorder.app; sourceTree = BUILT_PRODUCTS_DIR; };
		A79CB4EE2365E9B700C925BB /* AppDelegate.swift */ = {isa = PBXFileReference; lastKnownFileType = sourcecode.swift; path = AppDelegate.swift; sourceTree = "<group>"; };
		A79CB4F02365E9B700C925BB /* SceneDelegate.swift */ = {isa = PBXFileReference; lastKnownFileType = sourcecode.swift; path = SceneDelegate.swift; sourceTree = "<group>"; };
		A79CB4F22365E9B700C925BB /* ViewController.swift */ = {isa = PBXFileReference; lastKnownFileType = sourcecode.swift; path = ViewController.swift; sourceTree = "<group>"; };
		A79CB4F52365E9B700C925BB /* Base */ = {isa = PBXFileReference; lastKnownFileType = file.storyboard; name = Base; path = Base.lproj/Main.storyboard; sourceTree = "<group>"; };
		A79CB4F72365E9BE00C925BB /* Assets.xcassets */ = {isa = PBXFileReference; lastKnownFileType = folder.assetcatalog; path = Assets.xcassets; sourceTree = "<group>"; };
		A79CB4FA2365E9BE00C925BB /* Base */ = {isa = PBXFileReference; lastKnownFileType = file.storyboard; name = Base; path = Base.lproj/LaunchScreen.storyboard; sourceTree = "<group>"; };
		A79CB4FC2365E9BE00C925BB /* Info.plist */ = {isa = PBXFileReference; lastKnownFileType = text.plist.xml; path = Info.plist; sourceTree = "<group>"; };
		A79CB5012365E9BE00C925BB /* EXReorderTests.xctest */ = {isa = PBXFileReference; explicitFileType = wrapper.cfbundle; includeInIndex = 0; path = EXReorderTests.xctest; sourceTree = BUILT_PRODUCTS_DIR; };
		A79CB5052365E9BE00C925BB /* EXReorderTests.swift */ = {isa = PBXFileReference; lastKnownFileType = sourcecode.swift; path = EXReorderTests.swift; sourceTree = "<group>"; };
		A79CB5072365E9BE00C925BB /* Info.plist */ = {isa = PBXFileReference; lastKnownFileType = text.plist.xml; path = Info.plist; sourceTree = "<group>"; };
		A79CB5172365EBE500C925BB /* EXReorderViewController.swift */ = {isa = PBXFileReference; lastKnownFileType = sourcecode.swift; path = EXReorderViewController.swift; sourceTree = "<group>"; };
		A79CB5182365EBE500C925BB /* EXReorderViewController.xib */ = {isa = PBXFileReference; lastKnownFileType = file.xib; path = EXReorderViewController.xib; sourceTree = "<group>"; };
		A79CB51B2365EC1D00C925BB /* EXReorderPresenter.swift */ = {isa = PBXFileReference; lastKnownFileType = sourcecode.swift; path = EXReorderPresenter.swift; sourceTree = "<group>"; };
		A79CB51E2365EC2A00C925BB /* EXReorderService.swift */ = {isa = PBXFileReference; lastKnownFileType = sourcecode.swift; path = EXReorderService.swift; sourceTree = "<group>"; };
		A79CB5212365EC3600C925BB /* EXReorder.swift */ = {isa = PBXFileReference; lastKnownFileType = sourcecode.swift; path = EXReorder.swift; sourceTree = "<group>"; };
		A79CB5242365EC5200C925BB /* String+Extension.swift */ = {isa = PBXFileReference; lastKnownFileType = sourcecode.swift; path = "String+Extension.swift"; sourceTree = "<group>"; };
		A79CB5272365EC5D00C925BB /* StringHelper.swift */ = {isa = PBXFileReference; lastKnownFileType = sourcecode.swift; path = StringHelper.swift; sourceTree = "<group>"; };
		A79CB52B2365ECBB00C925BB /* Constants.swift */ = {isa = PBXFileReference; lastKnownFileType = sourcecode.swift; path = Constants.swift; sourceTree = "<group>"; };
/* End PBXFileReference section */

/* Begin PBXFrameworksBuildPhase section */
		A79CB4E82365E9B700C925BB /* Frameworks */ = {
			isa = PBXFrameworksBuildPhase;
			buildActionMask = 2147483647;
			files = (
			);
			runOnlyForDeploymentPostprocessing = 0;
		};
		A79CB4FE2365E9BE00C925BB /* Frameworks */ = {
			isa = PBXFrameworksBuildPhase;
			buildActionMask = 2147483647;
			files = (
			);
			runOnlyForDeploymentPostprocessing = 0;
		};
/* End PBXFrameworksBuildPhase section */

/* Begin PBXGroup section */
		A79CB4E22365E9B600C925BB = {
			isa = PBXGroup;
			children = (
				A79CB4ED2365E9B700C925BB /* EXReorder */,
				A79CB5042365E9BE00C925BB /* EXReorderTests */,
				A79CB4EC2365E9B700C925BB /* Products */,
			);
			sourceTree = "<group>";
		};
		A79CB4EC2365E9B700C925BB /* Products */ = {
			isa = PBXGroup;
			children = (
				A79CB4EB2365E9B700C925BB /* EXReorder.app */,
				A79CB5012365E9BE00C925BB /* EXReorderTests.xctest */,
			);
			name = Products;
			sourceTree = "<group>";
		};
		A79CB4ED2365E9B700C925BB /* EXReorder */ = {
			isa = PBXGroup;
			children = (
				A79CB5102365EB4100C925BB /* Views */,
				A79CB5122365EB5F00C925BB /* Presenters */,
				A79CB5112365EB4B00C925BB /* Services */,
				A79CB5132365EB7A00C925BB /* Models */,
				A79CB5142365EB9E00C925BB /* Common */,
				A79CB4EE2365E9B700C925BB /* AppDelegate.swift */,
				A79CB4F02365E9B700C925BB /* SceneDelegate.swift */,
				A79CB4F22365E9B700C925BB /* ViewController.swift */,
				A79CB4F42365E9B700C925BB /* Main.storyboard */,
				A79CB4F72365E9BE00C925BB /* Assets.xcassets */,
				A79CB4F92365E9BE00C925BB /* LaunchScreen.storyboard */,
				A79CB4FC2365E9BE00C925BB /* Info.plist */,
			);
			path = EXReorder;
			sourceTree = "<group>";
		};
		A79CB5042365E9BE00C925BB /* EXReorderTests */ = {
			isa = PBXGroup;
			children = (
				A79CB5052365E9BE00C925BB /* EXReorderTests.swift */,
				A79CB5072365E9BE00C925BB /* Info.plist */,
			);
			path = EXReorderTests;
			sourceTree = "<group>";
		};
		A79CB5102365EB4100C925BB /* Views */ = {
			isa = PBXGroup;
			children = (
				A79CB5172365EBE500C925BB /* EXReorderViewController.swift */,
				A79CB5182365EBE500C925BB /* EXReorderViewController.xib */,
			);
			path = Views;
			sourceTree = "<group>";
		};
		A79CB5112365EB4B00C925BB /* Services */ = {
			isa = PBXGroup;
			children = (
				A79CB51E2365EC2A00C925BB /* EXReorderService.swift */,
			);
			path = Services;
			sourceTree = "<group>";
		};
		A79CB5122365EB5F00C925BB /* Presenters */ = {
			isa = PBXGroup;
			children = (
				A79CB51B2365EC1D00C925BB /* EXReorderPresenter.swift */,
			);
			path = Presenters;
			sourceTree = "<group>";
		};
		A79CB5132365EB7A00C925BB /* Models */ = {
			isa = PBXGroup;
			children = (
				A79CB5212365EC3600C925BB /* EXReorder.swift */,
			);
			path = Models;
			sourceTree = "<group>";
		};
		A79CB5142365EB9E00C925BB /* Common */ = {
			isa = PBXGroup;
			children = (
				A79CB52A2365ECA800C925BB /* Constants */,
				A79CB5152365EBAB00C925BB /* Extensions */,
				A79CB5162365EBB200C925BB /* Helpers */,
			);
			path = Common;
			sourceTree = "<group>";
		};
		A79CB5152365EBAB00C925BB /* Extensions */ = {
			isa = PBXGroup;
			children = (
				A79CB5242365EC5200C925BB /* String+Extension.swift */,
			);
			path = Extensions;
			sourceTree = "<group>";
		};
		A79CB5162365EBB200C925BB /* Helpers */ = {
			isa = PBXGroup;
			children = (
				A79CB5272365EC5D00C925BB /* StringHelper.swift */,
			);
			path = Helpers;
			sourceTree = "<group>";
		};
		A79CB52A2365ECA800C925BB /* Constants */ = {
			isa = PBXGroup;
			children = (
				A79CB52B2365ECBB00C925BB /* Constants.swift */,
			);
			path = Constants;
			sourceTree = "<group>";
		};
/* End PBXGroup section */

/* Begin PBXNativeTarget section */
		A79CB4EA2365E9B700C925BB /* EXReorder */ = {
			isa = PBXNativeTarget;
			buildConfigurationList = A79CB50A2365E9BE00C925BB /* Build configuration list for PBXNativeTarget "EXReorder" */;
			buildPhases = (
				A79CB4E72365E9B700C925BB /* Sources */,
				A79CB4E82365E9B700C925BB /* Frameworks */,
				A79CB4E92365E9B700C925BB /* Resources */,
			);
			buildRules = (
			);
			dependencies = (
			);
			name = EXReorder;
			productName = EXReorder;
			productReference = A79CB4EB2365E9B700C925BB /* EXReorder.app */;
			productType = "com.apple.product-type.application";
		};
		A79CB5002365E9BE00C925BB /* EXReorderTests */ = {
			isa = PBXNativeTarget;
			buildConfigurationList = A79CB50D2365E9BE00C925BB /* Build configuration list for PBXNativeTarget "EXReorderTests" */;
			buildPhases = (
				A79CB4FD2365E9BE00C925BB /* Sources */,
				A79CB4FE2365E9BE00C925BB /* Frameworks */,
				A79CB4FF2365E9BE00C925BB /* Resources */,
			);
			buildRules = (
			);
			dependencies = (
				A79CB5032365E9BE00C925BB /* PBXTargetDependency */,
			);
			name = EXReorderTests;
			productName = EXReorderTests;
			productReference = A79CB5012365E9BE00C925BB /* EXReorderTests.xctest */;
			productType = "com.apple.product-type.bundle.unit-test";
		};
/* End PBXNativeTarget section */

/* Begin PBXProject section */
		A79CB4E32365E9B600C925BB /* Project object */ = {
			isa = PBXProject;
			attributes = {
				LastSwiftUpdateCheck = 1110;
				LastUpgradeCheck = 1110;
				ORGANIZATIONNAME = "Erick Cienfuegos";
				TargetAttributes = {
					A79CB4EA2365E9B700C925BB = {
						CreatedOnToolsVersion = 11.1;
					};
					A79CB5002365E9BE00C925BB = {
						CreatedOnToolsVersion = 11.1;
						TestTargetID = A79CB4EA2365E9B700C925BB;
					};
				};
			};
			buildConfigurationList = A79CB4E62365E9B600C925BB /* Build configuration list for PBXProject "EXReorder" */;
			compatibilityVersion = "Xcode 9.3";
			developmentRegion = en;
			hasScannedForEncodings = 0;
			knownRegions = (
				en,
				Base,
			);
			mainGroup = A79CB4E22365E9B600C925BB;
			productRefGroup = A79CB4EC2365E9B700C925BB /* Products */;
			projectDirPath = "";
			projectRoot = "";
			targets = (
				A79CB4EA2365E9B700C925BB /* EXReorder */,
				A79CB5002365E9BE00C925BB /* EXReorderTests */,
			);
		};
/* End PBXProject section */

/* Begin PBXResourcesBuildPhase section */
		A79CB4E92365E9B700C925BB /* Resources */ = {
			isa = PBXResourcesBuildPhase;
			buildActionMask = 2147483647;
			files = (
				A79CB4FB2365E9BE00C925BB /* LaunchScreen.storyboard in Resources */,
				A79CB4F82365E9BE00C925BB /* Assets.xcassets in Resources */,
				A79CB51A2365EBE500C925BB /* EXReorderViewController.xib in Resources */,
			);
			runOnlyForDeploymentPostprocessing = 0;
		};
		A79CB4FF2365E9BE00C925BB /* Resources */ = {
			isa = PBXResourcesBuildPhase;
			buildActionMask = 2147483647;
			files = (
			);
			runOnlyForDeploymentPostprocessing = 0;
		};
/* End PBXResourcesBuildPhase section */

/* Begin PBXSourcesBuildPhase section */
		A79CB4E72365E9B700C925BB /* Sources */ = {
			isa = PBXSourcesBuildPhase;
			buildActionMask = 2147483647;
			files = (
				A79CB5252365EC5200C925BB /* String+Extension.swift in Sources */,
				A79CB51C2365EC1D00C925BB /* EXReorderPresenter.swift in Sources */,
				A79CB4F32365E9B700C925BB /* ViewController.swift in Sources */,
				A79CB5282365EC5D00C925BB /* StringHelper.swift in Sources */,
				A79CB51F2365EC2A00C925BB /* EXReorderService.swift in Sources */,
				A79CB52C2365ECBB00C925BB /* Constants.swift in Sources */,
				A79CB4EF2365E9B700C925BB /* AppDelegate.swift in Sources */,
				A79CB4F12365E9B700C925BB /* SceneDelegate.swift in Sources */,
				A79CB5192365EBE500C925BB /* EXReorderViewController.swift in Sources */,
				A79CB5222365EC3600C925BB /* EXReorder.swift in Sources */,
			);
			runOnlyForDeploymentPostprocessing = 0;
		};
		A79CB4FD2365E9BE00C925BB /* Sources */ = {
			isa = PBXSourcesBuildPhase;
			buildActionMask = 2147483647;
			files = (
				A79CB5292365EC5D00C925BB /* StringHelper.swift in Sources */,
				A79CB5062365E9BE00C925BB /* EXReorderTests.swift in Sources */,
				A79CB51D2365EC1D00C925BB /* EXReorderPresenter.swift in Sources */,
				A79CB5232365EC3600C925BB /* EXReorder.swift in Sources */,
				A79CB52D2365ECBB00C925BB /* Constants.swift in Sources */,
				A79CB5262365EC5200C925BB /* String+Extension.swift in Sources */,
				A79CB5202365EC2A00C925BB /* EXReorderService.swift in Sources */,
			);
			runOnlyForDeploymentPostprocessing = 0;
		};
/* End PBXSourcesBuildPhase section */

/* Begin PBXTargetDependency section */
		A79CB5032365E9BE00C925BB /* PBXTargetDependency */ = {
			isa = PBXTargetDependency;
			target = A79CB4EA2365E9B700C925BB /* EXReorder */;
			targetProxy = A79CB5022365E9BE00C925BB /* PBXContainerItemProxy */;
		};
/* End PBXTargetDependency section */

/* Begin PBXVariantGroup section */
		A79CB4F42365E9B700C925BB /* Main.storyboard */ = {
			isa = PBXVariantGroup;
			children = (
				A79CB4F52365E9B700C925BB /* Base */,
			);
			name = Main.storyboard;
			sourceTree = "<group>";
		};
		A79CB4F92365E9BE00C925BB /* LaunchScreen.storyboard */ = {
			isa = PBXVariantGroup;
			children = (
				A79CB4FA2365E9BE00C925BB /* Base */,
			);
			name = LaunchScreen.storyboard;
			sourceTree = "<group>";
		};
/* End PBXVariantGroup section */

/* Begin XCBuildConfiguration section */
		A79CB5082365E9BE00C925BB /* Debug */ = {
			isa = XCBuildConfiguration;
			buildSettings = {
				ALWAYS_SEARCH_USER_PATHS = NO;
				CLANG_ANALYZER_NONNULL = YES;
				CLANG_ANALYZER_NUMBER_OBJECT_CONVERSION = YES_AGGRESSIVE;
				CLANG_CXX_LANGUAGE_STANDARD = "gnu++14";
				CLANG_CXX_LIBRARY = "libc++";
				CLANG_ENABLE_MODULES = YES;
				CLANG_ENABLE_OBJC_ARC = YES;
				CLANG_ENABLE_OBJC_WEAK = YES;
				CLANG_WARN_BLOCK_CAPTURE_AUTORELEASING = YES;
				CLANG_WARN_BOOL_CONVERSION = YES;
				CLANG_WARN_COMMA = YES;
				CLANG_WARN_CONSTANT_CONVERSION = YES;
				CLANG_WARN_DEPRECATED_OBJC_IMPLEMENTATIONS = YES;
				CLANG_WARN_DIRECT_OBJC_ISA_USAGE = YES_ERROR;
				CLANG_WARN_DOCUMENTATION_COMMENTS = YES;
				CLANG_WARN_EMPTY_BODY = YES;
				CLANG_WARN_ENUM_CONVERSION = YES;
				CLANG_WARN_INFINITE_RECURSION = YES;
				CLANG_WARN_INT_CONVERSION = YES;
				CLANG_WARN_NON_LITERAL_NULL_CONVERSION = YES;
				CLANG_WARN_OBJC_IMPLICIT_RETAIN_SELF = YES;
				CLANG_WARN_OBJC_LITERAL_CONVERSION = YES;
				CLANG_WARN_OBJC_ROOT_CLASS = YES_ERROR;
				CLANG_WARN_RANGE_LOOP_ANALYSIS = YES;
				CLANG_WARN_STRICT_PROTOTYPES = YES;
				CLANG_WARN_SUSPICIOUS_MOVE = YES;
				CLANG_WARN_UNGUARDED_AVAILABILITY = YES_AGGRESSIVE;
				CLANG_WARN_UNREACHABLE_CODE = YES;
				CLANG_WARN__DUPLICATE_METHOD_MATCH = YES;
				COPY_PHASE_STRIP = NO;
				DEBUG_INFORMATION_FORMAT = dwarf;
				ENABLE_STRICT_OBJC_MSGSEND = YES;
				ENABLE_TESTABILITY = YES;
				GCC_C_LANGUAGE_STANDARD = gnu11;
				GCC_DYNAMIC_NO_PIC = NO;
				GCC_NO_COMMON_BLOCKS = YES;
				GCC_OPTIMIZATION_LEVEL = 0;
				GCC_PREPROCESSOR_DEFINITIONS = (
					"DEBUG=1",
					"$(inherited)",
				);
				GCC_WARN_64_TO_32_BIT_CONVERSION = YES;
				GCC_WARN_ABOUT_RETURN_TYPE = YES_ERROR;
				GCC_WARN_UNDECLARED_SELECTOR = YES;
				GCC_WARN_UNINITIALIZED_AUTOS = YES_AGGRESSIVE;
				GCC_WARN_UNUSED_FUNCTION = YES;
				GCC_WARN_UNUSED_VARIABLE = YES;
				IPHONEOS_DEPLOYMENT_TARGET = 13.1;
				MTL_ENABLE_DEBUG_INFO = INCLUDE_SOURCE;
				MTL_FAST_MATH = YES;
				ONLY_ACTIVE_ARCH = YES;
				SDKROOT = iphoneos;
				SWIFT_ACTIVE_COMPILATION_CONDITIONS = DEBUG;
				SWIFT_OPTIMIZATION_LEVEL = "-Onone";
			};
			name = Debug;
		};
		A79CB5092365E9BE00C925BB /* Release */ = {
			isa = XCBuildConfiguration;
			buildSettings = {
				ALWAYS_SEARCH_USER_PATHS = NO;
				CLANG_ANALYZER_NONNULL = YES;
				CLANG_ANALYZER_NUMBER_OBJECT_CONVERSION = YES_AGGRESSIVE;
				CLANG_CXX_LANGUAGE_STANDARD = "gnu++14";
				CLANG_CXX_LIBRARY = "libc++";
				CLANG_ENABLE_MODULES = YES;
				CLANG_ENABLE_OBJC_ARC = YES;
				CLANG_ENABLE_OBJC_WEAK = YES;
				CLANG_WARN_BLOCK_CAPTURE_AUTORELEASING = YES;
				CLANG_WARN_BOOL_CONVERSION = YES;
				CLANG_WARN_COMMA = YES;
				CLANG_WARN_CONSTANT_CONVERSION = YES;
				CLANG_WARN_DEPRECATED_OBJC_IMPLEMENTATIONS = YES;
				CLANG_WARN_DIRECT_OBJC_ISA_USAGE = YES_ERROR;
				CLANG_WARN_DOCUMENTATION_COMMENTS = YES;
				CLANG_WARN_EMPTY_BODY = YES;
				CLANG_WARN_ENUM_CONVERSION = YES;
				CLANG_WARN_INFINITE_RECURSION = YES;
				CLANG_WARN_INT_CONVERSION = YES;
				CLANG_WARN_NON_LITERAL_NULL_CONVERSION = YES;
				CLANG_WARN_OBJC_IMPLICIT_RETAIN_SELF = YES;
				CLANG_WARN_OBJC_LITERAL_CONVERSION = YES;
				CLANG_WARN_OBJC_ROOT_CLASS = YES_ERROR;
				CLANG_WARN_RANGE_LOOP_ANALYSIS = YES;
				CLANG_WARN_STRICT_PROTOTYPES = YES;
				CLANG_WARN_SUSPICIOUS_MOVE = YES;
				CLANG_WARN_UNGUARDED_AVAILABILITY = YES_AGGRESSIVE;
				CLANG_WARN_UNREACHABLE_CODE = YES;
				CLANG_WARN__DUPLICATE_METHOD_MATCH = YES;
				COPY_PHASE_STRIP = NO;
				DEBUG_INFORMATION_FORMAT = "dwarf-with-dsym";
				ENABLE_NS_ASSERTIONS = NO;
				ENABLE_STRICT_OBJC_MSGSEND = YES;
				GCC_C_LANGUAGE_STANDARD = gnu11;
				GCC_NO_COMMON_BLOCKS = YES;
				GCC_WARN_64_TO_32_BIT_CONVERSION = YES;
				GCC_WARN_ABOUT_RETURN_TYPE = YES_ERROR;
				GCC_WARN_UNDECLARED_SELECTOR = YES;
				GCC_WARN_UNINITIALIZED_AUTOS = YES_AGGRESSIVE;
				GCC_WARN_UNUSED_FUNCTION = YES;
				GCC_WARN_UNUSED_VARIABLE = YES;
				IPHONEOS_DEPLOYMENT_TARGET = 13.1;
				MTL_ENABLE_DEBUG_INFO = NO;
				MTL_FAST_MATH = YES;
				SDKROOT = iphoneos;
				SWIFT_COMPILATION_MODE = wholemodule;
				SWIFT_OPTIMIZATION_LEVEL = "-O";
				VALIDATE_PRODUCT = YES;
			};
			name = Release;
		};
		A79CB50B2365E9BE00C925BB /* Debug */ = {
			isa = XCBuildConfiguration;
			buildSettings = {
				ASSETCATALOG_COMPILER_APPICON_NAME = AppIcon;
				CODE_SIGN_STYLE = Automatic;
				DEVELOPMENT_TEAM = KU8Y2WSFYT;
				INFOPLIST_FILE = EXReorder/Info.plist;
				LD_RUNPATH_SEARCH_PATHS = (
					"$(inherited)",
					"@executable_path/Frameworks",
				);
				PRODUCT_BUNDLE_IDENTIFIER = com.firesapps.EXReorder;
				PRODUCT_NAME = "$(TARGET_NAME)";
				SWIFT_VERSION = 5.0;
				TARGETED_DEVICE_FAMILY = "1,2";
			};
			name = Debug;
		};
		A79CB50C2365E9BE00C925BB /* Release */ = {
			isa = XCBuildConfiguration;
			buildSettings = {
				ASSETCATALOG_COMPILER_APPICON_NAME = AppIcon;
				CODE_SIGN_STYLE = Automatic;
				DEVELOPMENT_TEAM = KU8Y2WSFYT;
				INFOPLIST_FILE = EXReorder/Info.plist;
				LD_RUNPATH_SEARCH_PATHS = (
					"$(inherited)",
					"@executable_path/Frameworks",
				);
				PRODUCT_BUNDLE_IDENTIFIER = com.firesapps.EXReorder;
				PRODUCT_NAME = "$(TARGET_NAME)";
				SWIFT_VERSION = 5.0;
				TARGETED_DEVICE_FAMILY = "1,2";
			};
			name = Release;
		};
		A79CB50E2365E9BE00C925BB /* Debug */ = {
			isa = XCBuildConfiguration;
			buildSettings = {
				ALWAYS_EMBED_SWIFT_STANDARD_LIBRARIES = YES;
				BUNDLE_LOADER = "$(TEST_HOST)";
				CODE_SIGN_STYLE = Automatic;
				DEVELOPMENT_TEAM = KU8Y2WSFYT;
				INFOPLIST_FILE = EXReorderTests/Info.plist;
				IPHONEOS_DEPLOYMENT_TARGET = 13.1;
				LD_RUNPATH_SEARCH_PATHS = (
					"$(inherited)",
					"@executable_path/Frameworks",
					"@loader_path/Frameworks",
				);
				PRODUCT_BUNDLE_IDENTIFIER = com.firesapps.EXReorderTests;
				PRODUCT_NAME = "$(TARGET_NAME)";
				SWIFT_VERSION = 5.0;
				TARGETED_DEVICE_FAMILY = "1,2";
				TEST_HOST = "$(BUILT_PRODUCTS_DIR)/EXReorder.app/EXReorder";
			};
			name = Debug;
		};
		A79CB50F2365E9BE00C925BB /* Release */ = {
			isa = XCBuildConfiguration;
			buildSettings = {
				ALWAYS_EMBED_SWIFT_STANDARD_LIBRARIES = YES;
				BUNDLE_LOADER = "$(TEST_HOST)";
				CODE_SIGN_STYLE = Automatic;
				DEVELOPMENT_TEAM = KU8Y2WSFYT;
				INFOPLIST_FILE = EXReorderTests/Info.plist;
				IPHONEOS_DEPLOYMENT_TARGET = 13.1;
				LD_RUNPATH_SEARCH_PATHS = (
					"$(inherited)",
					"@executable_path/Frameworks",
					"@loader_path/Frameworks",
				);
				PRODUCT_BUNDLE_IDENTIFIER = com.firesapps.EXReorderTests;
				PRODUCT_NAME = "$(TARGET_NAME)";
				SWIFT_VERSION = 5.0;
				TARGETED_DEVICE_FAMILY = "1,2";
				TEST_HOST = "$(BUILT_PRODUCTS_DIR)/EXReorder.app/EXReorder";
			};
			name = Release;
		};
/* End XCBuildConfiguration section */

/* Begin XCConfigurationList section */
		A79CB4E62365E9B600C925BB /* Build configuration list for PBXProject "EXReorder" */ = {
			isa = XCConfigurationList;
			buildConfigurations = (
				A79CB5082365E9BE00C925BB /* Debug */,
				A79CB5092365E9BE00C925BB /* Release */,
			);
			defaultConfigurationIsVisible = 0;
			defaultConfigurationName = Release;
		};
		A79CB50A2365E9BE00C925BB /* Build configuration list for PBXNativeTarget "EXReorder" */ = {
			isa = XCConfigurationList;
			buildConfigurations = (
				A79CB50B2365E9BE00C925BB /* Debug */,
				A79CB50C2365E9BE00C925BB /* Release */,
			);
			defaultConfigurationIsVisible = 0;
			defaultConfigurationName = Release;
		};
		A79CB50D2365E9BE00C925BB /* Build configuration list for PBXNativeTarget "EXReorderTests" */ = {
			isa = XCConfigurationList;
			buildConfigurations = (
				A79CB50E2365E9BE00C925BB /* Debug */,
				A79CB50F2365E9BE00C925BB /* Release */,
			);
			defaultConfigurationIsVisible = 0;
			defaultConfigurationName = Release;
		};
/* End XCConfigurationList section */
	};
	rootObject = A79CB4E32365E9B600C925BB /* Project object */;
}
